
Microsoft Visual Studio Solution File, Format Version 12.00
# Visual Studio Version 17
VisualStudioVersion = 17.5.33627.172
MinimumVisualStudioVersion = 10.0.40219.1
Project("{FAE04EC0-301F-11D3-BF4B-00C04F79EFBC}") = "TemplateMethod", "TemplateMethod.csproj", "{8995200F-FF8E-494C-827D-BFAF92E64A30}"
EndProject
Project("{FAE04EC0-301F-11D3-BF4B-00C04F79EFBC}") = "FactoryMethod", "..\FactoryMethod\FactoryMethod.csproj", "{25EB5811-B351-47DB-9347-8BDB3309A945}"
EndProject
Project("{9A19103F-16F7-4668-BE54-9A1E7A4F7556}") = "Singleton", "..\Singleton\Singleton.csproj", "{4F02348B-B888-4519-AF81-E1287F3CC10B}"
EndProject
Project("{FAE04EC0-301F-11D3-BF4B-00C04F79EFBC}") = "ProtoType", "..\ProtoType\ProtoType.csproj", "{3B2702F3-E49A-460F-83E2-B14C0BD2DBA2}"
EndProject
Project("{FAE04EC0-301F-11D3-BF4B-00C04F79EFBC}") = "BuilderPattern", "..\BuilderPattern\BuilderPattern.csproj", "{4045834D-0FB2-4F12-A377-6B22A1289DA9}"
EndProject
Project("{FAE04EC0-301F-11D3-BF4B-00C04F79EFBC}") = "AbstractFactory", "..\AbstructFactory\AbstractFactory.csproj", "{846E5582-ECF2-4166-99CE-0A454904FCBF}"
EndProject
Project("{FAE04EC0-301F-11D3-BF4B-00C04F79EFBC}") = "BridgePattern", "..\BridgePattern\BridgePattern.csproj", "{787AA374-5631-4EC7-86D6-A32F575D1D33}"
EndProject
Project("{FAE04EC0-301F-11D3-BF4B-00C04F79EFBC}") = "Strategy", "..\Strategy\Strategy.csproj", "{C62860CE-AD6C-4F57-A9CA-39D3D740EF93}"
EndProject
Global
	GlobalSection(SolutionConfigurationPlatforms) = preSolution
		Debug|Any CPU = Debug|Any CPU
		Release|Any CPU = Release|Any CPU
	EndGlobalSection
	GlobalSection(ProjectConfigurationPlatforms) = postSolution
		{8995200F-FF8E-494C-827D-BFAF92E64A30}.Debug|Any CPU.ActiveCfg = Debug|Any CPU
		{8995200F-FF8E-494C-827D-BFAF92E64A30}.Debug|Any CPU.Build.0 = Debug|Any CPU
		{8995200F-FF8E-494C-827D-BFAF92E64A30}.Release|Any CPU.ActiveCfg = Release|Any CPU
		{8995200F-FF8E-494C-827D-BFAF92E64A30}.Release|Any CPU.Build.0 = Release|Any CPU
		{25EB5811-B351-47DB-9347-8BDB3309A945}.Debug|Any CPU.ActiveCfg = Debug|Any CPU
		{25EB5811-B351-47DB-9347-8BDB3309A945}.Debug|Any CPU.Build.0 = Debug|Any CPU
		{25EB5811-B351-47DB-9347-8BDB3309A945}.Release|Any CPU.ActiveCfg = Release|Any CPU
		{25EB5811-B351-47DB-9347-8BDB3309A945}.Release|Any CPU.Build.0 = Release|Any CPU
		{4F02348B-B888-4519-AF81-E1287F3CC10B}.Debug|Any CPU.ActiveCfg = Debug|Any CPU
		{4F02348B-B888-4519-AF81-E1287F3CC10B}.Debug|Any CPU.Build.0 = Debug|Any CPU
		{4F02348B-B888-4519-AF81-E1287F3CC10B}.Release|Any CPU.ActiveCfg = Release|Any CPU
		{4F02348B-B888-4519-AF81-E1287F3CC10B}.Release|Any CPU.Build.0 = Release|Any CPU
		{3B2702F3-E49A-460F-83E2-B14C0BD2DBA2}.Debug|Any CPU.ActiveCfg = Debug|Any CPU
		{3B2702F3-E49A-460F-83E2-B14C0BD2DBA2}.Debug|Any CPU.Build.0 = Debug|Any CPU
		{3B2702F3-E49A-460F-83E2-B14C0BD2DBA2}.Release|Any CPU.ActiveCfg = Release|Any CPU
		{3B2702F3-E49A-460F-83E2-B14C0BD2DBA2}.Release|Any CPU.Build.0 = Release|Any CPU
		{4045834D-0FB2-4F12-A377-6B22A1289DA9}.Debug|Any CPU.ActiveCfg = Debug|Any CPU
		{4045834D-0FB2-4F12-A377-6B22A1289DA9}.Debug|Any CPU.Build.0 = Debug|Any CPU
		{4045834D-0FB2-4F12-A377-6B22A1289DA9}.Release|Any CPU.ActiveCfg = Release|Any CPU
		{4045834D-0FB2-4F12-A377-6B22A1289DA9}.Release|Any CPU.Build.0 = Release|Any CPU
		{846E5582-ECF2-4166-99CE-0A454904FCBF}.Debug|Any CPU.ActiveCfg = Debug|Any CPU
		{846E5582-ECF2-4166-99CE-0A454904FCBF}.Debug|Any CPU.Build.0 = Debug|Any CPU
		{846E5582-ECF2-4166-99CE-0A454904FCBF}.Release|Any CPU.ActiveCfg = Release|Any CPU
		{846E5582-ECF2-4166-99CE-0A454904FCBF}.Release|Any CPU.Build.0 = Release|Any CPU
		{787AA374-5631-4EC7-86D6-A32F575D1D33}.Debug|Any CPU.ActiveCfg = Debug|Any CPU
		{787AA374-5631-4EC7-86D6-A32F575D1D33}.Debug|Any CPU.Build.0 = Debug|Any CPU
		{787AA374-5631-4EC7-86D6-A32F575D1D33}.Release|Any CPU.ActiveCfg = Release|Any CPU
		{787AA374-5631-4EC7-86D6-A32F575D1D33}.Release|Any CPU.Build.0 = Release|Any CPU
		{C62860CE-AD6C-4F57-A9CA-39D3D740EF93}.Debug|Any CPU.ActiveCfg = Debug|Any CPU
		{C62860CE-AD6C-4F57-A9CA-39D3D740EF93}.Debug|Any CPU.Build.0 = Debug|Any CPU
		{C62860CE-AD6C-4F57-A9CA-39D3D740EF93}.Release|Any CPU.ActiveCfg = Release|Any CPU
		{C62860CE-AD6C-4F57-A9CA-39D3D740EF93}.Release|Any CPU.Build.0 = Release|Any CPU
	EndGlobalSection
	GlobalSection(SolutionProperties) = preSolution
		HideSolutionNode = FALSE
	EndGlobalSection
	GlobalSection(ExtensibilityGlobals) = postSolution
		SolutionGuid = {FB05ECF9-33B3-4DFA-9C51-50145CE95051}
	EndGlobalSection
EndGlobal
