
Microsoft Visual Studio Solution File, Format Version 12.00
# Visual Studio Version 17
VisualStudioVersion = 17.5.33627.172
MinimumVisualStudioVersion = 10.0.40219.1
Project("{FAE04EC0-301F-11D3-BF4B-00C04F79EFBC}") = "AdaptorPattern", "AdaptorPattern\AdaptorPattern.csproj", "{C8820089-29FF-4759-AE55-E0A099A88955}"
EndProject
Global
	GlobalSection(SolutionConfigurationPlatforms) = preSolution
		Debug|Any CPU = Debug|Any CPU
		Release|Any CPU = Release|Any CPU
	EndGlobalSection
	GlobalSection(ProjectConfigurationPlatforms) = postSolution
		{C8820089-29FF-4759-AE55-E0A099A88955}.Debug|Any CPU.ActiveCfg = Debug|Any CPU
		{C8820089-29FF-4759-AE55-E0A099A88955}.Debug|Any CPU.Build.0 = Debug|Any CPU
		{C8820089-29FF-4759-AE55-E0A099A88955}.Release|Any CPU.ActiveCfg = Release|Any CPU
		{C8820089-29FF-4759-AE55-E0A099A88955}.Release|Any CPU.Build.0 = Release|Any CPU
	EndGlobalSection
	GlobalSection(SolutionProperties) = preSolution
		HideSolutionNode = FALSE
	EndGlobalSection
	GlobalSection(ExtensibilityGlobals) = postSolution
		SolutionGuid = {ADE89B32-FA83-4172-9B16-7AF0A3492EAD}
	EndGlobalSection
EndGlobal
